
Microsoft Visual Studio Solution File, Format Version 12.00
# Visual Studio Version 16
VisualStudioVersion = 16.0.31702.278
MinimumVisualStudioVersion = 10.0.40219.1
Project("{9A19103F-16F7-4668-BE54-9A1E7A4F7556}") = "laba2", "laba2\laba2.csproj", "{83504B8E-796F-4126-8F3B-D8671529B6E7}"
EndProject
Project("{FAE04EC0-301F-11D3-BF4B-00C04F79EFBC}") = "visualisation", "visualisation\visualisation.csproj", "{6F989288-890B-4BEB-965F-2DD10ABB2D1C}"
	ProjectSection(ProjectDependencies) = postProject
		{83504B8E-796F-4126-8F3B-D8671529B6E7} = {83504B8E-796F-4126-8F3B-D8671529B6E7}
	EndProjectSection
EndProject
Global
	GlobalSection(SolutionConfigurationPlatforms) = preSolution
		Debug|Any CPU = Debug|Any CPU
		Release|Any CPU = Release|Any CPU
	EndGlobalSection
	GlobalSection(ProjectConfigurationPlatforms) = postSolution
		{83504B8E-796F-4126-8F3B-D8671529B6E7}.Debug|Any CPU.ActiveCfg = Debug|Any CPU
		{83504B8E-796F-4126-8F3B-D8671529B6E7}.Debug|Any CPU.Build.0 = Debug|Any CPU
		{83504B8E-796F-4126-8F3B-D8671529B6E7}.Release|Any CPU.ActiveCfg = Release|Any CPU
		{83504B8E-796F-4126-8F3B-D8671529B6E7}.Release|Any CPU.Build.0 = Release|Any CPU
		{6F989288-890B-4BEB-965F-2DD10ABB2D1C}.Debug|Any CPU.ActiveCfg = Debug|Any CPU
		{6F989288-890B-4BEB-965F-2DD10ABB2D1C}.Debug|Any CPU.Build.0 = Debug|Any CPU
		{6F989288-890B-4BEB-965F-2DD10ABB2D1C}.Release|Any CPU.ActiveCfg = Release|Any CPU
		{6F989288-890B-4BEB-965F-2DD10ABB2D1C}.Release|Any CPU.Build.0 = Release|Any CPU
	EndGlobalSection
	GlobalSection(SolutionProperties) = preSolution
		HideSolutionNode = FALSE
	EndGlobalSection
	GlobalSection(ExtensibilityGlobals) = postSolution
		SolutionGuid = {8E2437BE-0BB8-44BD-8F70-3A64CD552CEE}
	EndGlobalSection
EndGlobal
